
Microsoft Visual Studio Solution File, Format Version 12.00
# Visual Studio 15
VisualStudioVersion = 15.0.27130.2003
MinimumVisualStudioVersion = 10.0.40219.1
Project("{9A19103F-16F7-4668-BE54-9A1E7A4F7556}") = "Accumulate", "Accumulate.csproj", "{44D59496-8D88-4065-9203-3BE0ED2AEE14}"
EndProject
Global
	GlobalSection(SolutionConfigurationPlatforms) = preSolution
		Debug|Any CPU = Debug|Any CPU
		Release|Any CPU = Release|Any CPU
	EndGlobalSection
	GlobalSection(ProjectConfigurationPlatforms) = postSolution
		{44D59496-8D88-4065-9203-3BE0ED2AEE14}.Debug|Any CPU.ActiveCfg = Debug|Any CPU
		{44D59496-8D88-4065-9203-3BE0ED2AEE14}.Debug|Any CPU.Build.0 = Debug|Any CPU
		{44D59496-8D88-4065-9203-3BE0ED2AEE14}.Release|Any CPU.ActiveCfg = Release|Any CPU
		{44D59496-8D88-4065-9203-3BE0ED2AEE14}.Release|Any CPU.Build.0 = Release|Any CPU
	EndGlobalSection
	GlobalSection(SolutionProperties) = preSolution
		HideSolutionNode = FALSE
	EndGlobalSection
	GlobalSection(ExtensibilityGlobals) = postSolution
		SolutionGuid = {ED410D41-38E4-4CD4-BB52-9229573BA622}
	EndGlobalSection
EndGlobal
