
Microsoft Visual Studio Solution File, Format Version 12.00
# Visual Studio 15
VisualStudioVersion = 15.0.27130.2003
MinimumVisualStudioVersion = 10.0.40219.1
Project("{9A19103F-16F7-4668-BE54-9A1E7A4F7556}") = "BinarySearch", "BinarySearch.csproj", "{756D4471-C6B1-4867-9687-31FBDAA4BA99}"
EndProject
Global
	GlobalSection(SolutionConfigurationPlatforms) = preSolution
		Debug|Any CPU = Debug|Any CPU
		Release|Any CPU = Release|Any CPU
	EndGlobalSection
	GlobalSection(ProjectConfigurationPlatforms) = postSolution
		{756D4471-C6B1-4867-9687-31FBDAA4BA99}.Debug|Any CPU.ActiveCfg = Debug|Any CPU
		{756D4471-C6B1-4867-9687-31FBDAA4BA99}.Debug|Any CPU.Build.0 = Debug|Any CPU
		{756D4471-C6B1-4867-9687-31FBDAA4BA99}.Release|Any CPU.ActiveCfg = Release|Any CPU
		{756D4471-C6B1-4867-9687-31FBDAA4BA99}.Release|Any CPU.Build.0 = Release|Any CPU
	EndGlobalSection
	GlobalSection(SolutionProperties) = preSolution
		HideSolutionNode = FALSE
	EndGlobalSection
	GlobalSection(ExtensibilityGlobals) = postSolution
		SolutionGuid = {06A491DA-DDD3-41AE-8728-9039EBD726E9}
	EndGlobalSection
EndGlobal
