
Microsoft Visual Studio Solution File, Format Version 12.00
# Visual Studio 15
VisualStudioVersion = 15.0.27130.2003
MinimumVisualStudioVersion = 10.0.40219.1
Project("{9A19103F-16F7-4668-BE54-9A1E7A4F7556}") = "RationalNumbers", "RationalNumbers.csproj", "{1207247B-2E7A-455F-91B6-0B64C28BB741}"
EndProject
Global
	GlobalSection(SolutionConfigurationPlatforms) = preSolution
		Debug|Any CPU = Debug|Any CPU
		Release|Any CPU = Release|Any CPU
	EndGlobalSection
	GlobalSection(ProjectConfigurationPlatforms) = postSolution
		{1207247B-2E7A-455F-91B6-0B64C28BB741}.Debug|Any CPU.ActiveCfg = Debug|Any CPU
		{1207247B-2E7A-455F-91B6-0B64C28BB741}.Debug|Any CPU.Build.0 = Debug|Any CPU
		{1207247B-2E7A-455F-91B6-0B64C28BB741}.Release|Any CPU.ActiveCfg = Release|Any CPU
		{1207247B-2E7A-455F-91B6-0B64C28BB741}.Release|Any CPU.Build.0 = Release|Any CPU
	EndGlobalSection
	GlobalSection(SolutionProperties) = preSolution
		HideSolutionNode = FALSE
	EndGlobalSection
	GlobalSection(ExtensibilityGlobals) = postSolution
		SolutionGuid = {88052CFB-2284-4F4C-B9F9-24F12594A514}
	EndGlobalSection
EndGlobal
